
Microsoft Visual Studio Solution File, Format Version 12.00
# Visual Studio Version 17
VisualStudioVersion = 17.12.35527.113
MinimumVisualStudioVersion = 10.0.40219.1
Project("{FAE04EC0-301F-11D3-BF4B-00C04F79EFBC}") = "LicenseManagementApi", "LicenseManagementApi\LicenseManagementApi.csproj", "{D9E57B22-CA2B-48BB-98D9-45F2A82C86C9}"
EndProject
Project("{FAE04EC0-301F-11D3-BF4B-00C04F79EFBC}") = "LicenseManagementApi.Database.EF", "LicenseManagementApi.Database.EF\LicenseManagementApi.Database.EF.csproj", "{B4665040-7F38-4D59-B95B-E4DF9AE38DA8}"
EndProject
Global
	GlobalSection(SolutionConfigurationPlatforms) = preSolution
		Debug|Any CPU = Debug|Any CPU
		Release|Any CPU = Release|Any CPU
	EndGlobalSection
	GlobalSection(ProjectConfigurationPlatforms) = postSolution
		{D9E57B22-CA2B-48BB-98D9-45F2A82C86C9}.Debug|Any CPU.ActiveCfg = Debug|Any CPU
		{D9E57B22-CA2B-48BB-98D9-45F2A82C86C9}.Debug|Any CPU.Build.0 = Debug|Any CPU
		{D9E57B22-CA2B-48BB-98D9-45F2A82C86C9}.Release|Any CPU.ActiveCfg = Release|Any CPU
		{D9E57B22-CA2B-48BB-98D9-45F2A82C86C9}.Release|Any CPU.Build.0 = Release|Any CPU
		{B4665040-7F38-4D59-B95B-E4DF9AE38DA8}.Debug|Any CPU.ActiveCfg = Debug|Any CPU
		{B4665040-7F38-4D59-B95B-E4DF9AE38DA8}.Debug|Any CPU.Build.0 = Debug|Any CPU
		{B4665040-7F38-4D59-B95B-E4DF9AE38DA8}.Release|Any CPU.ActiveCfg = Release|Any CPU
		{B4665040-7F38-4D59-B95B-E4DF9AE38DA8}.Release|Any CPU.Build.0 = Release|Any CPU
	EndGlobalSection
	GlobalSection(SolutionProperties) = preSolution
		HideSolutionNode = FALSE
	EndGlobalSection
EndGlobal
